#MicroXplorer Configuration settings - do not modify
ADC1.Channel-202\#ChannelRegularConversion=ADC_CHANNEL_5
ADC1.ClockPrescaler=ADC_CLOCK_ASYNC_DIV4
ADC1.IPParameters=Rank-202\#ChannelRegularConversion,Channel-202\#ChannelRegularConversion,SamplingTime-202\#ChannelRegularConversion,OffsetNumber-202\#ChannelRegularConversion,NbrOfConversionFlag,master,ClockPrescaler
ADC1.NbrOfConversionFlag=1
ADC1.OffsetNumber-202\#ChannelRegularConversion=ADC_OFFSET_NONE
ADC1.Rank-202\#ChannelRegularConversion=1
ADC1.SamplingTime-202\#ChannelRegularConversion=ADC_SAMPLETIME_2CYCLES_5
ADC1.master=1
ADC2.Channel-0\#ChannelRegularConversion=ADC_CHANNEL_2
ADC2.ClockPrescaler=ADC_CLOCK_ASYNC_DIV4
ADC2.IPParameters=Rank-0\#ChannelRegularConversion,Channel-0\#ChannelRegularConversion,SamplingTime-0\#ChannelRegularConversion,OffsetNumber-0\#ChannelRegularConversion,NbrOfConversionFlag,ClockPrescaler
ADC2.NbrOfConversionFlag=1
ADC2.OffsetNumber-0\#ChannelRegularConversion=ADC_OFFSET_NONE
ADC2.Rank-0\#ChannelRegularConversion=1
ADC2.SamplingTime-0\#ChannelRegularConversion=ADC_SAMPLETIME_2CYCLES_5
ADC3.Channel-0\#ChannelRegularConversion=ADC_CHANNEL_1
ADC3.ClockPrescaler=ADC_CLOCK_ASYNC_DIV4
ADC3.IPParameters=Rank-0\#ChannelRegularConversion,Channel-0\#ChannelRegularConversion,SamplingTime-0\#ChannelRegularConversion,OffsetNumber-0\#ChannelRegularConversion,NbrOfConversionFlag,ClockPrescaler
ADC3.NbrOfConversionFlag=1
ADC3.OffsetNumber-0\#ChannelRegularConversion=ADC_OFFSET_NONE
ADC3.Rank-0\#ChannelRegularConversion=1
ADC3.SamplingTime-0\#ChannelRegularConversion=ADC_SAMPLETIME_2CYCLES_5
COMP2.IPParameters=WindowMode
COMP2.WindowMode=COMP_WINDOWMODE_COMP1_INPUT_PLUS_COMMON
DAC1.DAC_Channel-DAC_OUT2_Int=DAC_CHANNEL_2
DAC1.IPParameters=DAC_Channel-DAC_OUT2_Int
File.Version=6
I2C1.IPParameters=Timing
I2C1.Timing=0x20303E5D
KeepUserPlacement=true
Mcu.Family=STM32L4
Mcu.IP0=ADC1
Mcu.IP1=ADC2
Mcu.IP10=SYS
Mcu.IP11=TIM2
Mcu.IP12=USART1
Mcu.IP13=USB_OTG_FS
Mcu.IP2=ADC3
Mcu.IP3=COMP1
Mcu.IP4=COMP2
Mcu.IP5=DAC1
Mcu.IP6=I2C1
Mcu.IP7=NVIC
Mcu.IP8=RCC
Mcu.IP9=SPI1
Mcu.IPNb=14
Mcu.Name=STM32L486RGTx
Mcu.Package=LQFP64
Mcu.Pin0=PC13
Mcu.Pin1=PC14-OSC32_IN (PC14)
Mcu.Pin10=PA2
Mcu.Pin11=PA3
Mcu.Pin12=PA4
Mcu.Pin13=PA5
Mcu.Pin14=PA6
Mcu.Pin15=PA7
Mcu.Pin16=PC4
Mcu.Pin17=PC5
Mcu.Pin18=PB0
Mcu.Pin19=PB1
Mcu.Pin2=PC15-OSC32_OUT (PC15)
Mcu.Pin20=PB2
Mcu.Pin21=PB10
Mcu.Pin22=PB11
Mcu.Pin23=PB12
Mcu.Pin24=PB13
Mcu.Pin25=PB14
Mcu.Pin26=PB15
Mcu.Pin27=PC6
Mcu.Pin28=PC7
Mcu.Pin29=PC8
Mcu.Pin3=PH0-OSC_IN (PH0)
Mcu.Pin30=PC9
Mcu.Pin31=PA8
Mcu.Pin32=PA9
Mcu.Pin33=PA10
Mcu.Pin34=PA11
Mcu.Pin35=PA12
Mcu.Pin36=PA13 (JTMS-SWDIO)
Mcu.Pin37=PA14 (JTCK-SWCLK)
Mcu.Pin38=PC10
Mcu.Pin39=PC12
Mcu.Pin4=PC0
Mcu.Pin40=PD2
Mcu.Pin41=PB3 (JTDO-TRACESWO)
Mcu.Pin42=PB4 (NJTRST)
Mcu.Pin43=PB5
Mcu.Pin44=PB6
Mcu.Pin45=PB7
Mcu.Pin46=PB8
Mcu.Pin47=PB9
Mcu.Pin48=VP_ADC3_TempSens_Input
Mcu.Pin49=VP_COMP1_VS_DACOUT1
Mcu.Pin5=PC1
Mcu.Pin50=VP_COMP2_VS_WindowMode
Mcu.Pin51=VP_COMP2_VS_DACOUT2
Mcu.Pin52=VP_DAC1_VS_DACI1
Mcu.Pin53=VP_DAC1_VS_DACI2
Mcu.Pin54=VP_SYS_VS_Systick
Mcu.Pin55=VP_TIM2_VS_ClockSourceINT
Mcu.Pin6=PC2
Mcu.Pin7=PC3
Mcu.Pin8=PA0
Mcu.Pin9=PA1
Mcu.PinsNb=56
Mcu.ThirdPartyNb=0
Mcu.UserConstants=
Mcu.UserName=STM32L486RGTx
MxCube.Version=5.0.0
MxDb.Version=DB.5.0.0
NVIC.BusFault_IRQn=true\:0\:0\:false\:false\:true\:false
NVIC.DebugMonitor_IRQn=true\:0\:0\:false\:false\:true\:false
NVIC.HardFault_IRQn=true\:0\:0\:false\:false\:true\:false
NVIC.MemoryManagement_IRQn=true\:0\:0\:false\:false\:true\:false
NVIC.NonMaskableInt_IRQn=true\:0\:0\:false\:false\:true\:false
NVIC.PendSV_IRQn=true\:0\:0\:false\:false\:true\:false
NVIC.PriorityGroup=NVIC_PRIORITYGROUP_4
NVIC.SVCall_IRQn=true\:0\:0\:false\:false\:true\:false
NVIC.SysTick_IRQn=true\:0\:0\:false\:false\:true\:false
NVIC.UsageFault_IRQn=true\:0\:0\:false\:false\:true\:false
PA0.GPIOParameters=GPIO_Label
PA0.GPIO_Label=Charger_Current
PA0.Locked=true
PA0.Signal=ADCx_IN5
PA1.GPIOParameters=GPIO_Label
PA1.GPIO_Label=Backlight_pwm
PA1.Locked=true
PA1.Signal=S_TIM2_CH2
PA10.GPIOParameters=GPIO_Label
PA10.GPIO_Label=USB_ID
PA10.Mode=OTG/Dual_Role_Device
PA10.Signal=USB_OTG_FS_ID
PA11.GPIOParameters=GPIO_Label
PA11.GPIO_Label=USB_DM
PA11.Mode=OTG/Dual_Role_Device
PA11.Signal=USB_OTG_FS_DM
PA12.GPIOParameters=GPIO_Label
PA12.GPIO_Label=USB_DP
PA12.Mode=OTG/Dual_Role_Device
PA12.Signal=USB_OTG_FS_DP
PA13\ (JTMS-SWDIO).Mode=Serial_Wire
PA13\ (JTMS-SWDIO).Signal=SYS_JTMS-SWDIO
PA14\ (JTCK-SWCLK).Mode=Serial_Wire
PA14\ (JTCK-SWCLK).Signal=SYS_JTCK-SWCLK
PA2.GPIOParameters=GPIO_Label
PA2.GPIO_Label=LCD_RST
PA2.Locked=true
PA2.Signal=GPIO_Output
PA3.GPIOParameters=GPIO_Label
PA3.GPIO_Label=LCD_DC
PA3.Locked=true
PA3.Signal=GPIO_Output
PA4.GPIOParameters=GPIO_Label
PA4.GPIO_Label=LCD_CS
PA4.Locked=true
PA4.Signal=GPIO_Output
PA5.GPIOParameters=GPIO_Label
PA5.GPIO_Label=LCD_CLK
PA5.Mode=Full_Duplex_Master
PA5.Signal=SPI1_SCK
PA6.GPIOParameters=GPIO_Label
PA6.GPIO_Label=LCD_MISO
PA6.Mode=Full_Duplex_Master
PA6.Signal=SPI1_MISO
PA7.GPIOParameters=GPIO_Label
PA7.GPIO_Label=LCD_MOSI
PA7.Locked=true
PA7.Mode=Full_Duplex_Master
PA7.Signal=SPI1_MOSI
PA8.GPIOParameters=GPIO_Label
PA8.GPIO_Label=USB_OTG_EN
PA8.Locked=true
PA8.Signal=GPIO_Output
PA9.GPIOParameters=GPIO_Label
PA9.GPIO_Label=USB_VBUS_LV
PA9.Mode=Activate_VBUS
PA9.Signal=USB_OTG_FS_VBUS
PB0.GPIOParameters=GPIO_Label
PB0.GPIO_Label=Trigger_Analog_In
PB0.Locked=true
PB0.Signal=ADCx_IN15
PB1.GPIOParameters=GPIO_Label
PB1.GPIO_Label=Trigger_source_sel1
PB1.Locked=true
PB1.Signal=GPIO_Output
PB10.GPIOParameters=GPIO_Label
PB10.GPIO_Label=Status_LED
PB10.Locked=true
PB10.Signal=GPIO_Output
PB11.GPIOParameters=GPIO_Label
PB11.GPIO_Label=IR_LED
PB11.Locked=true
PB11.Signal=GPIO_Output
PB12.GPIOParameters=GPIO_Label
PB12.GPIO_Label=DSLR_Shutter_EN
PB12.Locked=true
PB12.Signal=GPIO_Output
PB13.GPIOParameters=GPIO_Label
PB13.GPIO_Label=DSLR_Focus_EN
PB13.Locked=true
PB13.Signal=GPIO_Output
PB14.GPIOParameters=GPIO_Label
PB14.GPIO_Label=Flash1_EN
PB14.Locked=true
PB14.Signal=GPIO_Output
PB15.GPIOParameters=GPIO_Label
PB15.GPIO_Label=Flash2_EN
PB15.Locked=true
PB15.Signal=GPIO_Output
PB2.GPIOParameters=GPIO_Label
PB2.GPIO_Label=Trigger_source_sel2
PB2.Locked=true
PB2.Signal=GPIO_Output
PB3\ (JTDO-TRACESWO).GPIOParameters=GPIO_Label
PB3\ (JTDO-TRACESWO).GPIO_Label=BLE_CTS
PB3\ (JTDO-TRACESWO).Mode=CTS_RTS
PB3\ (JTDO-TRACESWO).Signal=USART1_RTS
PB4\ (NJTRST).GPIOParameters=GPIO_Label
PB4\ (NJTRST).GPIO_Label=BLE_RTS
PB4\ (NJTRST).Mode=CTS_RTS
PB4\ (NJTRST).Signal=USART1_CTS
PB5.GPIOParameters=GPIO_Label
PB5.GPIO_Label=BLE_SW_Wake
PB5.Locked=true
PB5.Signal=GPIO_Output
PB6.GPIOParameters=GPIO_Label
PB6.GPIO_Label=BLE_TX
PB6.Locked=true
PB6.Mode=Asynchronous
PB6.Signal=USART1_TX
PB7.GPIOParameters=GPIO_Label
PB7.GPIO_Label=BLE_TX
PB7.Mode=Asynchronous
PB7.Signal=USART1_RX
PB8.GPIOParameters=GPIO_Label
PB8.GPIO_Label=Internal_I2C_SCL
PB8.Locked=true
PB8.Mode=I2C
PB8.Signal=I2C1_SCL
PB9.GPIOParameters=GPIO_Label
PB9.GPIO_Label=Internal_I2C_SDA
PB9.Mode=I2C
PB9.Signal=I2C1_SDA
PC0.GPIOParameters=GPIO_Label
PC0.GPIO_Label=Touch_YP
PC0.Signal=ADCx_IN1
PC1.GPIOParameters=GPIO_Label
PC1.GPIO_Label=Touch_XM
PC1.Locked=true
PC1.Signal=ADCx_IN2
PC10.GPIOParameters=PinState,GPIO_Label
PC10.GPIO_Label=PwrMux_EN
PC10.Locked=true
PC10.PinState=GPIO_PIN_RESET
PC10.Signal=GPIO_Output
PC12.GPIOParameters=GPIO_Label
PC12.GPIO_Label=BLE_CMD
PC12.Locked=true
PC12.Signal=GPIO_Output
PC13.GPIOParameters=GPIO_Label
PC13.GPIO_Label=VUSB_OUT_EN
PC13.Locked=true
PC13.Signal=GPIO_Output
PC14-OSC32_IN\ (PC14).Mode=LSE-External-Oscillator
PC14-OSC32_IN\ (PC14).Signal=RCC_OSC32_IN
PC15-OSC32_OUT\ (PC15).Mode=LSE-External-Oscillator
PC15-OSC32_OUT\ (PC15).Signal=RCC_OSC32_OUT
PC2.GPIOParameters=GPIO_Label
PC2.GPIO_Label=Touch_XP
PC2.Locked=true
PC2.Signal=GPIO_Output
PC3.GPIOParameters=GPIO_Label
PC3.GPIO_Label=Touch_YM
PC3.Locked=true
PC3.Signal=GPIO_Output
PC4.GPIOParameters=GPIO_Label
PC4.GPIO_Label=Aux_5V_EN
PC4.Locked=true
PC4.Signal=GPIO_Output
PC5.GPIOParameters=GPIO_Label
PC5.GPIO_Label=Trigger_Analog_Comp
PC5.Locked=true
PC5.Signal=SharedAnalog_PC5
PC6.GPIOParameters=GPIO_Label
PC6.GPIO_Label=Charger_Status
PC6.Locked=true
PC6.Signal=GPIO_Input
PC7.GPIOParameters=GPIO_Label
PC7.GPIO_Label=PwrMux_Status
PC7.Locked=true
PC7.Signal=GPIO_Input
PC8.GPIOParameters=GPIO_Label
PC8.GPIO_Label=Reg_5V_EN
PC8.Locked=true
PC8.Signal=GPIO_Output
PC9.GPIOParameters=GPIO_Label
PC9.GPIO_Label=Reg_3V3_EN
PC9.Locked=true
PC9.Signal=GPIO_Output
PCC.Battery=Mybatt
PCC.Battery.Capacity=500.0
PCC.Battery.Compatibility=Yes
PCC.Battery.InParallel=1
PCC.Battery.InSeries=1
PCC.Battery.MaxContinuous=500.0
PCC.Battery.MaxPulseCurrent=2.0
PCC.Battery.NominalVoltage=3.6
PCC.Battery.SelfDischarge=0.08
PCC.Checker=true
PCC.Line=STM32L4x6
PCC.MCU=STM32L486RGTx
PCC.PartNumber=STM32L486RGTx
PCC.Seq0=2
PCC.Seq0.Step0.Average_Current=29.21 mA
PCC.Seq0.Step0.CPU_Frequency=80 MHz
PCC.Seq0.Step0.Category=In DS Table
PCC.Seq0.Step0.DMIPS=0.0
PCC.Seq0.Step0.Duration=600 s
PCC.Seq0.Step0.Frequency=4 MHz
PCC.Seq0.Step0.Memory=FLASH/ART/Cache
PCC.Seq0.Step0.Mode=RUN
PCC.Seq0.Step0.Oscillator=HSE PLL
PCC.Seq0.Step0.Peripherals=ADC1\:fs_10_ksps ADC2\:fs_10_ksps ADC3\:fs_10_ksps AES AHB_APB1_Bridge AHB_APB2_Bridge CAN1 CRC DAC1\:OUT1+OUT2-Buffer_OFF-Middle_code DFSDM1 DMA1 DMA2 FW GPIOA GPIOB GPIOC GPIOD GPIOH I2C1 I2C2 I2C3 IWDG LCD\:Buffer_OFF LPTIM1 LPTIM2 LPUART1 OPAMP1\:Low_Power OPAMP2\:Low_Power PVD/BOR PWR QUADSPI RNG RTC SAI1 SAI2 SDMMC1 SPI1 SPI2 SPI3 SWPMI1 SYS-VREFBUF/COMP1\:COMP_High_Speed-Square_VREFBUF_OFF SYS-VREFBUF/COMP2\:COMP_High_Speed-Square_VREFBUF_OFF TIM1 TIM2 TIM3 TIM4 TIM5 TIM6 TIM7 TIM8 TIM15 TIM16 TIM17 TS TSC UART4 UART5 USART1 USART2 USART3 USB_OTG_FS WWDG
PCC.Seq0.Step0.TaMax=101.85
PCC.Seq0.Step0.User's_Consumption=0 mA
PCC.Seq0.Step0.Vcore=Range1-High
PCC.Seq0.Step0.Vdd=2.4
PCC.Seq0.Step0.Voltage_Source=Battery
PCC.Seq0.Step1.Average_Current=514 nA
PCC.Seq0.Step1.CPU_Frequency=0 Hz
PCC.Seq0.Step1.Category=In DS Table
PCC.Seq0.Step1.DMIPS=0.0
PCC.Seq0.Step1.Duration=36000 s
PCC.Seq0.Step1.Frequency=32.768 kHz
PCC.Seq0.Step1.Memory=n/a
PCC.Seq0.Step1.Mode=STANDBY
PCC.Seq0.Step1.Oscillator=LSE RTC LowDriving
PCC.Seq0.Step1.Peripherals=
PCC.Seq0.Step1.TaMax=105
PCC.Seq0.Step1.User's_Consumption=0 mA
PCC.Seq0.Step1.Vcore=NoRange
PCC.Seq0.Step1.Vdd=2.4
PCC.Seq0.Step1.Voltage_Source=Battery
PCC.Series=STM32L4
PCC.Temperature=25
PCC.Vdd=2.4
PD2.GPIOParameters=GPIO_Label
PD2.GPIO_Label=BLE_HW_Wake
PD2.Locked=true
PD2.Signal=GPIO_Output
PH0-OSC_IN\ (PH0).Mode=HSE-External-Clock-Source
PH0-OSC_IN\ (PH0).Signal=RCC_OSC_IN
PinOutPanel.RotationAngle=0
ProjectManager.AskForMigrate=true
ProjectManager.BackupPrevious=false
ProjectManager.CompilerOptimize=6
ProjectManager.ComputerToolchain=false
ProjectManager.CoupleFile=false
ProjectManager.CustomerFirmwarePackage=
ProjectManager.DefaultFWLocation=true
ProjectManager.DeletePrevious=true
ProjectManager.DeviceId=STM32L486RGTx
ProjectManager.FirmwarePackage=STM32Cube FW_L4 V1.13.0
ProjectManager.FreePins=true
ProjectManager.HalAssertFull=false
ProjectManager.HeapSize=0x200
ProjectManager.KeepUserCode=true
ProjectManager.LastFirmware=true
ProjectManager.LibraryCopy=1
ProjectManager.MainLocation=Core/Src
ProjectManager.NoMain=false
ProjectManager.PreviousToolchain=SW4STM32
ProjectManager.ProjectBuild=false
ProjectManager.ProjectFileName=sddr.ioc
ProjectManager.ProjectName=sddr
ProjectManager.StackSize=0x400
ProjectManager.TargetToolchain=SW4STM32
ProjectManager.ToolChainLocation=
ProjectManager.UnderRoot=true
ProjectManager.functionlistsort=1-MX_GPIO_Init-GPIO-false-HAL-true,2-SystemClock_Config-RCC-false-HAL-false,3-MX_SPI1_Init-SPI1-false-HAL-true,4-MX_USB_OTG_FS_USB_Init-USB_OTG_FS-false-HAL-true,5-MX_COMP1_Init-COMP1-false-HAL-true,6-MX_USART1_UART_Init-USART1-false-HAL-true,7-MX_I2C1_Init-I2C1-false-HAL-true,8-MX_ADC1_Init-ADC1-false-HAL-true,9-MX_ADC2_Init-ADC2-false-HAL-true,10-MX_ADC3_Init-ADC3-false-HAL-true,11-MX_TIM2_Init-TIM2-false-HAL-true,12-MX_COMP2_Init-COMP2-false-HAL-true,13-MX_DAC1_Init-DAC1-false-HAL-true
RCC.ADCFreq_Value=48000000
RCC.AHBFreq_Value=48000000
RCC.APB1Freq_Value=48000000
RCC.APB1TimFreq_Value=48000000
RCC.APB2Freq_Value=48000000
RCC.APB2TimFreq_Value=48000000
RCC.CortexFreq_Value=48000000
RCC.DFSDMFreq_Value=48000000
RCC.FCLKCortexFreq_Value=48000000
RCC.FamilyName=M
RCC.HCLKFreq_Value=48000000
RCC.HSE_VALUE=24000000
RCC.HSI_VALUE=16000000
RCC.I2C1Freq_Value=48000000
RCC.I2C2Freq_Value=48000000
RCC.I2C3Freq_Value=48000000
RCC.IPParameters=ADCFreq_Value,AHBFreq_Value,APB1Freq_Value,APB1TimFreq_Value,APB2Freq_Value,APB2TimFreq_Value,CortexFreq_Value,DFSDMFreq_Value,FCLKCortexFreq_Value,FamilyName,HCLKFreq_Value,HSE_VALUE,HSI_VALUE,I2C1Freq_Value,I2C2Freq_Value,I2C3Freq_Value,LCDFreq_Value,LPTIM1Freq_Value,LPTIM2Freq_Value,LPUART1Freq_Value,LSCOPinFreq_Value,LSI_VALUE,MCO1PinFreq_Value,MSI_VALUE,PLLM,PLLPoutputFreq_Value,PLLQoutputFreq_Value,PLLRCLKFreq_Value,PLLSAI1PoutputFreq_Value,PLLSAI1QoutputFreq_Value,PLLSAI1RoutputFreq_Value,PLLSAI2PoutputFreq_Value,PLLSAI2RoutputFreq_Value,PLLSourceVirtual,PWRFreq_Value,RNGFreq_Value,RTCClockSelection,RTCFreq_Value,SAI1Freq_Value,SAI2Freq_Value,SDMMCFreq_Value,SWPMI1Freq_Value,SYSCLKFreq_VALUE,SYSCLKSource,UART4Freq_Value,UART5Freq_Value,USART1Freq_Value,USART2Freq_Value,USART3Freq_Value,USBFreq_Value,VCOInputFreq_Value,VCOOutputFreq_Value,VCOSAI1OutputFreq_Value,VCOSAI2OutputFreq_Value
RCC.LCDFreq_Value=32768
RCC.LPTIM1Freq_Value=48000000
RCC.LPTIM2Freq_Value=48000000
RCC.LPUART1Freq_Value=48000000
RCC.LSCOPinFreq_Value=32000
RCC.LSI_VALUE=32000
RCC.MCO1PinFreq_Value=48000000
RCC.MSI_VALUE=4000000
RCC.PLLM=2
RCC.PLLPoutputFreq_Value=13714285.714285715
RCC.PLLQoutputFreq_Value=48000000
RCC.PLLRCLKFreq_Value=48000000
RCC.PLLSAI1PoutputFreq_Value=13714285.714285715
RCC.PLLSAI1QoutputFreq_Value=48000000
RCC.PLLSAI1RoutputFreq_Value=48000000
RCC.PLLSAI2PoutputFreq_Value=13714285.714285715
RCC.PLLSAI2RoutputFreq_Value=48000000
RCC.PLLSourceVirtual=RCC_PLLSOURCE_HSE
RCC.PWRFreq_Value=48000000
RCC.RNGFreq_Value=48000000
RCC.RTCClockSelection=RCC_RTCCLKSOURCE_LSE
RCC.RTCFreq_Value=32768
RCC.SAI1Freq_Value=13714285.714285715
RCC.SAI2Freq_Value=13714285.714285715
RCC.SDMMCFreq_Value=48000000
RCC.SWPMI1Freq_Value=48000000
RCC.SYSCLKFreq_VALUE=48000000
RCC.SYSCLKSource=RCC_SYSCLKSOURCE_PLLCLK
RCC.UART4Freq_Value=48000000
RCC.UART5Freq_Value=48000000
RCC.USART1Freq_Value=48000000
RCC.USART2Freq_Value=48000000
RCC.USART3Freq_Value=48000000
RCC.USBFreq_Value=48000000
RCC.VCOInputFreq_Value=12000000
RCC.VCOOutputFreq_Value=96000000
RCC.VCOSAI1OutputFreq_Value=96000000
RCC.VCOSAI2OutputFreq_Value=96000000
SH.ADCx_IN1.0=ADC3_IN1,IN1-Single-Ended
SH.ADCx_IN1.ConfNb=1
SH.ADCx_IN15.0=ADC1_IN15,IN15-Single-Ended
SH.ADCx_IN15.ConfNb=1
SH.ADCx_IN2.0=ADC1_IN2
SH.ADCx_IN2.1=ADC2_IN2,IN2-Single-Ended
SH.ADCx_IN2.ConfNb=2
SH.ADCx_IN5.0=ADC1_IN5,IN5-Single-Ended
SH.ADCx_IN5.ConfNb=1
SH.S_TIM2_CH2.0=TIM2_CH2,PWM Generation2 CH2
SH.S_TIM2_CH2.ConfNb=1
SH.SharedAnalog_PC5.0=ADC1_IN14
SH.SharedAnalog_PC5.1=COMP1_INP,INP
SH.SharedAnalog_PC5.ConfNb=2
SPI1.BaudRatePrescaler=SPI_BAUDRATEPRESCALER_2
SPI1.CalculateBaudRate=24.0 MBits/s
SPI1.DataSize=SPI_DATASIZE_8BIT
SPI1.Direction=SPI_DIRECTION_2LINES
SPI1.IPParameters=VirtualType,Mode,Direction,CalculateBaudRate,BaudRatePrescaler,DataSize
SPI1.Mode=SPI_MODE_MASTER
SPI1.VirtualType=VM_MASTER
TIM2.Channel-PWM\ Generation2\ CH2=TIM_CHANNEL_2
TIM2.ClockDivision=TIM_CLOCKDIVISION_DIV4
TIM2.IPParameters=Prescaler,ClockDivision,Channel-PWM Generation2 CH2,Period,Pulse-PWM Generation2 CH2
TIM2.Period=1000
TIM2.Prescaler=64
TIM2.Pulse-PWM\ Generation2\ CH2=500
USART1.IPParameters=VirtualMode-Asynchronous
USART1.VirtualMode-Asynchronous=VM_ASYNC
VP_ADC3_TempSens_Input.Mode=IN-TempSens
VP_ADC3_TempSens_Input.Signal=ADC3_TempSens_Input
VP_COMP1_VS_DACOUT1.Mode=INM_DACOUT1
VP_COMP1_VS_DACOUT1.Signal=COMP1_VS_DACOUT1
VP_COMP2_VS_DACOUT2.Mode=INM_DACOUT2
VP_COMP2_VS_DACOUT2.Signal=COMP2_VS_DACOUT2
VP_COMP2_VS_WindowMode.Mode=WindowMode
VP_COMP2_VS_WindowMode.Signal=COMP2_VS_WindowMode
VP_DAC1_VS_DACI1.Mode=DAC_OUT1_Int
VP_DAC1_VS_DACI1.Signal=DAC1_VS_DACI1
VP_DAC1_VS_DACI2.Mode=DAC_OUT2_Int
VP_DAC1_VS_DACI2.Signal=DAC1_VS_DACI2
VP_SYS_VS_Systick.Mode=SysTick
VP_SYS_VS_Systick.Signal=SYS_VS_Systick
VP_TIM2_VS_ClockSourceINT.Mode=Internal
VP_TIM2_VS_ClockSourceINT.Signal=TIM2_VS_ClockSourceINT
board=custom
